// !$*UTF8*$!
{
	archiveVersion = 1;
	classes = {
	};
	objectVersion = 46;
	objects = {

/* Begin PBXBuildFile section */
		A3A035B31AF97A17005FDBDD /* AppDelegate.swift in Sources */ = {isa = PBXBuildFile; fileRef = A3A035B21AF97A17005FDBDD /* AppDelegate.swift */; };
		A3A035B51AF97A17005FDBDD /* ViewController.swift in Sources */ = {isa = PBXBuildFile; fileRef = A3A035B41AF97A17005FDBDD /* ViewController.swift */; };
		A3A035B81AF97A17005FDBDD /* Main.storyboard in Resources */ = {isa = PBXBuildFile; fileRef = A3A035B61AF97A17005FDBDD /* Main.storyboard */; };
		A3A035BA1AF97A17005FDBDD /* Images.xcassets in Resources */ = {isa = PBXBuildFile; fileRef = A3A035B91AF97A17005FDBDD /* Images.xcassets */; };
		A3A035BD1AF97A17005FDBDD /* LaunchScreen.xib in Resources */ = {isa = PBXBuildFile; fileRef = A3A035BB1AF97A17005FDBDD /* LaunchScreen.xib */; };
		A3A035C91AF97A17005FDBDD /* PostCardTests.swift in Sources */ = {isa = PBXBuildFile; fileRef = A3A035C81AF97A17005FDBDD /* PostCardTests.swift */; };
/* End PBXBuildFile section */

/* Begin PBXContainerItemProxy section */
		A3A035C31AF97A17005FDBDD /* PBXContainerItemProxy */ = {
			isa = PBXContainerItemProxy;
			containerPortal = A3A035A51AF97A17005FDBDD /* Project object */;
			proxyType = 1;
			remoteGlobalIDString = A3A035AC1AF97A17005FDBDD;
			remoteInfo = PostCard;
		};
/* End PBXContainerItemProxy section */

/* Begin PBXFileReference section */
		A3A035AD1AF97A17005FDBDD /* PostCard.app */ = {isa = PBXFileReference; explicitFileType = wrapper.application; includeInIndex = 0; path = PostCard.app; sourceTree = BUILT_PRODUCTS_DIR; };
		A3A035B11AF97A17005FDBDD /* Info.plist */ = {isa = PBXFileReference; lastKnownFileType = text.plist.xml; path = Info.plist; sourceTree = "<group>"; };
		A3A035B21AF97A17005FDBDD /* AppDelegate.swift */ = {isa = PBXFileReference; lastKnownFileType = sourcecode.swift; path = AppDelegate.swift; sourceTree = "<group>"; };
		A3A035B41AF97A17005FDBDD /* ViewController.swift */ = {isa = PBXFileReference; lastKnownFileType = sourcecode.swift; path = ViewController.swift; sourceTree = "<group>"; };
		A3A035B71AF97A17005FDBDD /* Base */ = {isa = PBXFileReference; lastKnownFileType = file.storyboard; name = Base; path = Base.lproj/Main.storyboard; sourceTree = "<group>"; };
		A3A035B91AF97A17005FDBDD /* Images.xcassets */ = {isa = PBXFileReference; lastKnownFileType = folder.assetcatalog; path = Images.xcassets; sourceTree = "<group>"; };
		A3A035BC1AF97A17005FDBDD /* Base */ = {isa = PBXFileReference; lastKnownFileType = file.xib; name = Base; path = Base.lproj/LaunchScreen.xib; sourceTree = "<group>"; };
		A3A035C21AF97A17005FDBDD /* PostCardTests.xctest */ = {isa = PBXFileReference; explicitFileType = wrapper.cfbundle; includeInIndex = 0; path = PostCardTests.xctest; sourceTree = BUILT_PRODUCTS_DIR; };
		A3A035C71AF97A17005FDBDD /* Info.plist */ = {isa = PBXFileReference; lastKnownFileType = text.plist.xml; path = Info.plist; sourceTree = "<group>"; };
		A3A035C81AF97A17005FDBDD /* PostCardTests.swift */ = {isa = PBXFileReference; lastKnownFileType = sourcecode.swift; path = PostCardTests.swift; sourceTree = "<group>"; };
/* End PBXFileReference section */

/* Begin PBXFrameworksBuildPhase section */
		A3A035AA1AF97A17005FDBDD /* Frameworks */ = {
			isa = PBXFrameworksBuildPhase;
			buildActionMask = 2147483647;
			files = (
			);
			runOnlyForDeploymentPostprocessing = 0;
		};
		A3A035BF1AF97A17005FDBDD /* Frameworks */ = {
			isa = PBXFrameworksBuildPhase;
			buildActionMask = 2147483647;
			files = (
			);
			runOnlyForDeploymentPostprocessing = 0;
		};
/* End PBXFrameworksBuildPhase section */

/* Begin PBXGroup section */
		A3A035A41AF97A17005FDBDD = {
			isa = PBXGroup;
			children = (
				A3A035AF1AF97A17005FDBDD /* PostCard */,
				A3A035C51AF97A17005FDBDD /* PostCardTests */,
				A3A035AE1AF97A17005FDBDD /* Products */,
			);
			sourceTree = "<group>";
		};
		A3A035AE1AF97A17005FDBDD /* Products */ = {
			isa = PBXGroup;
			children = (
				A3A035AD1AF97A17005FDBDD /* PostCard.app */,
				A3A035C21AF97A17005FDBDD /* PostCardTests.xctest */,
			);
			name = Products;
			sourceTree = "<group>";
		};
		A3A035AF1AF97A17005FDBDD /* PostCard */ = {
			isa = PBXGroup;
			children = (
				A3A035B21AF97A17005FDBDD /* AppDelegate.swift */,
				A3A035B41AF97A17005FDBDD /* ViewController.swift */,
				A3A035B61AF97A17005FDBDD /* Main.storyboard */,
				A3A035B91AF97A17005FDBDD /* Images.xcassets */,
				A3A035BB1AF97A17005FDBDD /* LaunchScreen.xib */,
				A3A035B01AF97A17005FDBDD /* Supporting Files */,
			);
			path = PostCard;
			sourceTree = "<group>";
		};
		A3A035B01AF97A17005FDBDD /* Supporting Files */ = {
			isa = PBXGroup;
			children = (
				A3A035B11AF97A17005FDBDD /* Info.plist */,
			);
			name = "Supporting Files";
			sourceTree = "<group>";
		};
		A3A035C51AF97A17005FDBDD /* PostCardTests */ = {
			isa = PBXGroup;
			children = (
				A3A035C81AF97A17005FDBDD /* PostCardTests.swift */,
				A3A035C61AF97A17005FDBDD /* Supporting Files */,
			);
			path = PostCardTests;
			sourceTree = "<group>";
		};
		A3A035C61AF97A17005FDBDD /* Supporting Files */ = {
			isa = PBXGroup;
			children = (
				A3A035C71AF97A17005FDBDD /* Info.plist */,
			);
			name = "Supporting Files";
			sourceTree = "<group>";
		};
/* End PBXGroup section */

/* Begin PBXNativeTarget section */
		A3A035AC1AF97A17005FDBDD /* PostCard */ = {
			isa = PBXNativeTarget;
			buildConfigurationList = A3A035CC1AF97A17005FDBDD /* Build configuration list for PBXNativeTarget "PostCard" */;
			buildPhases = (
				A3A035A91AF97A17005FDBDD /* Sources */,
				A3A035AA1AF97A17005FDBDD /* Frameworks */,
				A3A035AB1AF97A17005FDBDD /* Resources */,
			);
			buildRules = (
			);
			dependencies = (
			);
			name = PostCard;
			productName = PostCard;
			productReference = A3A035AD1AF97A17005FDBDD /* PostCard.app */;
			productType = "com.apple.product-type.application";
		};
		A3A035C11AF97A17005FDBDD /* PostCardTests */ = {
			isa = PBXNativeTarget;
			buildConfigurationList = A3A035CF1AF97A17005FDBDD /* Build configuration list for PBXNativeTarget "PostCardTests" */;
			buildPhases = (
				A3A035BE1AF97A17005FDBDD /* Sources */,
				A3A035BF1AF97A17005FDBDD /* Frameworks */,
				A3A035C01AF97A17005FDBDD /* Resources */,
			);
			buildRules = (
			);
			dependencies = (
				A3A035C41AF97A17005FDBDD /* PBXTargetDependency */,
			);
			name = PostCardTests;
			productName = PostCardTests;
			productReference = A3A035C21AF97A17005FDBDD /* PostCardTests.xctest */;
			productType = "com.apple.product-type.bundle.unit-test";
		};
/* End PBXNativeTarget section */

/* Begin PBXProject section */
		A3A035A51AF97A17005FDBDD /* Project object */ = {
			isa = PBXProject;
			attributes = {
				LastUpgradeCheck = 0610;
				ORGANIZATIONNAME = "Tony Wu";
				TargetAttributes = {
					A3A035AC1AF97A17005FDBDD = {
						CreatedOnToolsVersion = 6.1.1;
					};
					A3A035C11AF97A17005FDBDD = {
						CreatedOnToolsVersion = 6.1.1;
						TestTargetID = A3A035AC1AF97A17005FDBDD;
					};
				};
			};
			buildConfigurationList = A3A035A81AF97A17005FDBDD /* Build configuration list for PBXProject "PostCard" */;
			compatibilityVersion = "Xcode 3.2";
			developmentRegion = English;
			hasScannedForEncodings = 0;
			knownRegions = (
				en,
				Base,
			);
			mainGroup = A3A035A41AF97A17005FDBDD;
			productRefGroup = A3A035AE1AF97A17005FDBDD /* Products */;
			projectDirPath = "";
			projectRoot = "";
			targets = (
				A3A035AC1AF97A17005FDBDD /* PostCard */,
				A3A035C11AF97A17005FDBDD /* PostCardTests */,
			);
		};
/* End PBXProject section */

/* Begin PBXResourcesBuildPhase section */
		A3A035AB1AF97A17005FDBDD /* Resources */ = {
			isa = PBXResourcesBuildPhase;
			buildActionMask = 2147483647;
			files = (
				A3A035B81AF97A17005FDBDD /* Main.storyboard in Resources */,
				A3A035BD1AF97A17005FDBDD /* LaunchScreen.xib in Resources */,
				A3A035BA1AF97A17005FDBDD /* Images.xcassets in Resources */,
			);
			runOnlyForDeploymentPostprocessing = 0;
		};
		A3A035C01AF97A17005FDBDD /* Resources */ = {
			isa = PBXResourcesBuildPhase;
			buildActionMask = 2147483647;
			files = (
			);
			runOnlyForDeploymentPostprocessing = 0;
		};
/* End PBXResourcesBuildPhase section */

/* Begin PBXSourcesBuildPhase section */
		A3A035A91AF97A17005FDBDD /* Sources */ = {
			isa = PBXSourcesBuildPhase;
			buildActionMask = 2147483647;
			files = (
				A3A035B51AF97A17005FDBDD /* ViewController.swift in Sources */,
				A3A035B31AF97A17005FDBDD /* AppDelegate.swift in Sources */,
			);
			runOnlyForDeploymentPostprocessing = 0;
		};
		A3A035BE1AF97A17005FDBDD /* Sources */ = {
			isa = PBXSourcesBuildPhase;
			buildActionMask = 2147483647;
			files = (
				A3A035C91AF97A17005FDBDD /* PostCardTests.swift in Sources */,
			);
			runOnlyForDeploymentPostprocessing = 0;
		};
/* End PBXSourcesBuildPhase section */

/* Begin PBXTargetDependency section */
		A3A035C41AF97A17005FDBDD /* PBXTargetDependency */ = {
			isa = PBXTargetDependency;
			target = A3A035AC1AF97A17005FDBDD /* PostCard */;
			targetProxy = A3A035C31AF97A17005FDBDD /* PBXContainerItemProxy */;
		};
/* End PBXTargetDependency section */

/* Begin PBXVariantGroup section */
		A3A035B61AF97A17005FDBDD /* Main.storyboard */ = {
			isa = PBXVariantGroup;
			children = (
				A3A035B71AF97A17005FDBDD /* Base */,
			);
			name = Main.storyboard;
			sourceTree = "<group>";
		};
		A3A035BB1AF97A17005FDBDD /* LaunchScreen.xib */ = {
			isa = PBXVariantGroup;
			children = (
				A3A035BC1AF97A17005FDBDD /* Base */,
			);
			name = LaunchScreen.xib;
			sourceTree = "<group>";
		};
/* End PBXVariantGroup section */

/* Begin XCBuildConfiguration section */
		A3A035CA1AF97A17005FDBDD /* Debug */ = {
			isa = XCBuildConfiguration;
			buildSettings = {
				ALWAYS_SEARCH_USER_PATHS = NO;
				CLANG_CXX_LANGUAGE_STANDARD = "gnu++0x";
				CLANG_CXX_LIBRARY = "libc++";
				CLANG_ENABLE_MODULES = YES;
				CLANG_ENABLE_OBJC_ARC = YES;
				CLANG_WARN_BOOL_CONVERSION = YES;
				CLANG_WARN_CONSTANT_CONVERSION = YES;
				CLANG_WARN_DIRECT_OBJC_ISA_USAGE = YES_ERROR;
				CLANG_WARN_EMPTY_BODY = YES;
				CLANG_WARN_ENUM_CONVERSION = YES;
				CLANG_WARN_INT_CONVERSION = YES;
				CLANG_WARN_OBJC_ROOT_CLASS = YES_ERROR;
				CLANG_WARN_UNREACHABLE_CODE = YES;
				CLANG_WARN__DUPLICATE_METHOD_MATCH = YES;
				"CODE_SIGN_IDENTITY[sdk=iphoneos*]" = "iPhone Developer";
				COPY_PHASE_STRIP = NO;
				ENABLE_STRICT_OBJC_MSGSEND = YES;
				GCC_C_LANGUAGE_STANDARD = gnu99;
				GCC_DYNAMIC_NO_PIC = NO;
				GCC_OPTIMIZATION_LEVEL = 0;
				GCC_PREPROCESSOR_DEFINITIONS = (
					"DEBUG=1",
					"$(inherited)",
				);
				GCC_SYMBOLS_PRIVATE_EXTERN = NO;
				GCC_WARN_64_TO_32_BIT_CONVERSION = YES;
				GCC_WARN_ABOUT_RETURN_TYPE = YES_ERROR;
				GCC_WARN_UNDECLARED_SELECTOR = YES;
				GCC_WARN_UNINITIALIZED_AUTOS = YES_AGGRESSIVE;
				GCC_WARN_UNUSED_FUNCTION = YES;
				GCC_WARN_UNUSED_VARIABLE = YES;
				IPHONEOS_DEPLOYMENT_TARGET = 8.1;
				MTL_ENABLE_DEBUG_INFO = YES;
				ONLY_ACTIVE_ARCH = YES;
				SDKROOT = iphoneos;
				SWIFT_OPTIMIZATION_LEVEL = "-Onone";
				TARGETED_DEVICE_FAMILY = "1,2";
			};
			name = Debug;
		};
		A3A035CB1AF97A17005FDBDD /* Release */ = {
			isa = XCBuildConfiguration;
			buildSettings = {
				ALWAYS_SEARCH_USER_PATHS = NO;
				CLANG_CXX_LANGUAGE_STANDARD = "gnu++0x";
				CLANG_CXX_LIBRARY = "libc++";
				CLANG_ENABLE_MODULES = YES;
				CLANG_ENABLE_OBJC_ARC = YES;
				CLANG_WARN_BOOL_CONVERSION = YES;
				CLANG_WARN_CONSTANT_CONVERSION = YES;
				CLANG_WARN_DIRECT_OBJC_ISA_USAGE = YES_ERROR;
				CLANG_WARN_EMPTY_BODY = YES;
				CLANG_WARN_ENUM_CONVERSION = YES;
				CLANG_WARN_INT_CONVERSION = YES;
				CLANG_WARN_OBJC_ROOT_CLASS = YES_ERROR;
				CLANG_WARN_UNREACHABLE_CODE = YES;
				CLANG_WARN__DUPLICATE_METHOD_MATCH = YES;
				"CODE_SIGN_IDENTITY[sdk=iphoneos*]" = "iPhone Developer";
				COPY_PHASE_STRIP = YES;
				ENABLE_NS_ASSERTIONS = NO;
				ENABLE_STRICT_OBJC_MSGSEND = YES;
				GCC_C_LANGUAGE_STANDARD = gnu99;
				GCC_WARN_64_TO_32_BIT_CONVERSION = YES;
				GCC_WARN_ABOUT_RETURN_TYPE = YES_ERROR;
				GCC_WARN_UNDECLARED_SELECTOR = YES;
				GCC_WARN_UNINITIALIZED_AUTOS = YES_AGGRESSIVE;
				GCC_WARN_UNUSED_FUNCTION = YES;
				GCC_WARN_UNUSED_VARIABLE = YES;
				IPHONEOS_DEPLOYMENT_TARGET = 8.1;
				MTL_ENABLE_DEBUG_INFO = NO;
				SDKROOT = iphoneos;
				TARGETED_DEVICE_FAMILY = "1,2";
				VALIDATE_PRODUCT = YES;
			};
			name = Release;
		};
		A3A035CD1AF97A17005FDBDD /* Debug */ = {
			isa = XCBuildConfiguration;
			buildSettings = {
				ASSETCATALOG_COMPILER_APPICON_NAME = AppIcon;
				INFOPLIST_FILE = PostCard/Info.plist;
				LD_RUNPATH_SEARCH_PATHS = "$(inherited) @executable_path/Frameworks";
				PRODUCT_NAME = "$(TARGET_NAME)";
			};
			name = Debug;
		};
		A3A035CE1AF97A17005FDBDD /* Release */ = {
			isa = XCBuildConfiguration;
			buildSettings = {
				ASSETCATALOG_COMPILER_APPICON_NAME = AppIcon;
				INFOPLIST_FILE = PostCard/Info.plist;
				LD_RUNPATH_SEARCH_PATHS = "$(inherited) @executable_path/Frameworks";
				PRODUCT_NAME = "$(TARGET_NAME)";
			};
			name = Release;
		};
		A3A035D01AF97A17005FDBDD /* Debug */ = {
			isa = XCBuildConfiguration;
			buildSettings = {
				BUNDLE_LOADER = "$(TEST_HOST)";
				FRAMEWORK_SEARCH_PATHS = (
					"$(SDKROOT)/Developer/Library/Frameworks",
					"$(inherited)",
				);
				GCC_PREPROCESSOR_DEFINITIONS = (
					"DEBUG=1",
					"$(inherited)",
				);
				INFOPLIST_FILE = PostCardTests/Info.plist;
				LD_RUNPATH_SEARCH_PATHS = "$(inherited) @executable_path/Frameworks @loader_path/Frameworks";
				PRODUCT_NAME = "$(TARGET_NAME)";
				TEST_HOST = "$(BUILT_PRODUCTS_DIR)/PostCard.app/PostCard";
			};
			name = Debug;
		};
		A3A035D11AF97A17005FDBDD /* Release */ = {
			isa = XCBuildConfiguration;
			buildSettings = {
				BUNDLE_LOADER = "$(TEST_HOST)";
				FRAMEWORK_SEARCH_PATHS = (
					"$(SDKROOT)/Developer/Library/Frameworks",
					"$(inherited)",
				);
				INFOPLIST_FILE = PostCardTests/Info.plist;
				LD_RUNPATH_SEARCH_PATHS = "$(inherited) @executable_path/Frameworks @loader_path/Frameworks";
				PRODUCT_NAME = "$(TARGET_NAME)";
				TEST_HOST = "$(BUILT_PRODUCTS_DIR)/PostCard.app/PostCard";
			};
			name = Release;
		};
/* End XCBuildConfiguration section */

/* Begin XCConfigurationList section */
		A3A035A81AF97A17005FDBDD /* Build configuration list for PBXProject "PostCard" */ = {
			isa = XCConfigurationList;
			buildConfigurations = (
				A3A035CA1AF97A17005FDBDD /* Debug */,
				A3A035CB1AF97A17005FDBDD /* Release */,
			);
			defaultConfigurationIsVisible = 0;
			defaultConfigurationName = Release;
		};
		A3A035CC1AF97A17005FDBDD /* Build configuration list for PBXNativeTarget "PostCard" */ = {
			isa = XCConfigurationList;
			buildConfigurations = (
				A3A035CD1AF97A17005FDBDD /* Debug */,
				A3A035CE1AF97A17005FDBDD /* Release */,
			);
			defaultConfigurationIsVisible = 0;
		};
		A3A035CF1AF97A17005FDBDD /* Build configuration list for PBXNativeTarget "PostCardTests" */ = {
			isa = XCConfigurationList;
			buildConfigurations = (
				A3A035D01AF97A17005FDBDD /* Debug */,
				A3A035D11AF97A17005FDBDD /* Release */,
			);
			defaultConfigurationIsVisible = 0;
		};
/* End XCConfigurationList section */
	};
	rootObject = A3A035A51AF97A17005FDBDD /* Project object */;
}
